// !$*UTF8*$!
{
	archiveVersion = 1;
	classes = {
	};
	objectVersion = 46;
	objects = {

/* Begin PBXBuildFile section */
		BB2930D51D9AE7D700BAA6A3 /* AppDelegate.swift in Sources */ = {isa = PBXBuildFile; fileRef = BB2930D41D9AE7D700BAA6A3 /* AppDelegate.swift */; };
		BB2930D71D9AE7D700BAA6A3 /* ViewController.swift in Sources */ = {isa = PBXBuildFile; fileRef = BB2930D61D9AE7D700BAA6A3 /* ViewController.swift */; };
		BB2930DA1D9AE7D700BAA6A3 /* Main.storyboard in Resources */ = {isa = PBXBuildFile; fileRef = BB2930D81D9AE7D700BAA6A3 /* Main.storyboard */; };
		BB2930DC1D9AE7D700BAA6A3 /* Assets.xcassets in Resources */ = {isa = PBXBuildFile; fileRef = BB2930DB1D9AE7D700BAA6A3 /* Assets.xcassets */; };
		BB2930DF1D9AE7D700BAA6A3 /* LaunchScreen.storyboard in Resources */ = {isa = PBXBuildFile; fileRef = BB2930DD1D9AE7D700BAA6A3 /* LaunchScreen.storyboard */; };
/* End PBXBuildFile section */

/* Begin PBXFileReference section */
		BB2930D11D9AE7D700BAA6A3 /* DestroyTheWorld.app */ = {isa = PBXFileReference; explicitFileType = wrapper.application; includeInIndex = 0; path = DestroyTheWorld.app; sourceTree = BUILT_PRODUCTS_DIR; };
		BB2930D41D9AE7D700BAA6A3 /* AppDelegate.swift */ = {isa = PBXFileReference; lastKnownFileType = sourcecode.swift; path = AppDelegate.swift; sourceTree = "<group>"; };
		BB2930D61D9AE7D700BAA6A3 /* ViewController.swift */ = {isa = PBXFileReference; lastKnownFileType = sourcecode.swift; path = ViewController.swift; sourceTree = "<group>"; };
		BB2930D91D9AE7D700BAA6A3 /* Base */ = {isa = PBXFileReference; lastKnownFileType = file.storyboard; name = Base; path = Base.lproj/Main.storyboard; sourceTree = "<group>"; };
		BB2930DB1D9AE7D700BAA6A3 /* Assets.xcassets */ = {isa = PBXFileReference; lastKnownFileType = folder.assetcatalog; path = Assets.xcassets; sourceTree = "<group>"; };
		BB2930DE1D9AE7D700BAA6A3 /* Base */ = {isa = PBXFileReference; lastKnownFileType = file.storyboard; name = Base; path = Base.lproj/LaunchScreen.storyboard; sourceTree = "<group>"; };
		BB2930E01D9AE7D700BAA6A3 /* Info.plist */ = {isa = PBXFileReference; lastKnownFileType = text.plist.xml; path = Info.plist; sourceTree = "<group>"; };
/* End PBXFileReference section */

/* Begin PBXFrameworksBuildPhase section */
		BB2930CE1D9AE7D700BAA6A3 /* Frameworks */ = {
			isa = PBXFrameworksBuildPhase;
			buildActionMask = 2147483647;
			files = (
			);
			runOnlyForDeploymentPostprocessing = 0;
		};
/* End PBXFrameworksBuildPhase section */

/* Begin PBXGroup section */
		BB2930C81D9AE7D600BAA6A3 = {
			isa = PBXGroup;
			children = (
				BB2930D31D9AE7D700BAA6A3 /* DestroyTheWorld */,
				BB2930D21D9AE7D700BAA6A3 /* Products */,
			);
			sourceTree = "<group>";
		};
		BB2930D21D9AE7D700BAA6A3 /* Products */ = {
			isa = PBXGroup;
			children = (
				BB2930D11D9AE7D700BAA6A3 /* DestroyTheWorld.app */,
			);
			name = Products;
			sourceTree = "<group>";
		};
		BB2930D31D9AE7D700BAA6A3 /* DestroyTheWorld */ = {
			isa = PBXGroup;
			children = (
				BB2930D41D9AE7D700BAA6A3 /* AppDelegate.swift */,
				BB2930D61D9AE7D700BAA6A3 /* ViewController.swift */,
				BB2930D81D9AE7D700BAA6A3 /* Main.storyboard */,
				BB2930DB1D9AE7D700BAA6A3 /* Assets.xcassets */,
				BB2930DD1D9AE7D700BAA6A3 /* LaunchScreen.storyboard */,
				BB2930E01D9AE7D700BAA6A3 /* Info.plist */,
			);
			path = DestroyTheWorld;
			sourceTree = "<group>";
		};
/* End PBXGroup section */

/* Begin PBXNativeTarget section */
		BB2930D01D9AE7D700BAA6A3 /* DestroyTheWorld */ = {
			isa = PBXNativeTarget;
			buildConfigurationList = BB2930E31D9AE7D700BAA6A3 /* Build configuration list for PBXNativeTarget "DestroyTheWorld" */;
			buildPhases = (
				BB2930CD1D9AE7D700BAA6A3 /* Sources */,
				BB2930CE1D9AE7D700BAA6A3 /* Frameworks */,
				BB2930CF1D9AE7D700BAA6A3 /* Resources */,
			);
			buildRules = (
			);
			dependencies = (
			);
			name = DestroyTheWorld;
			productName = DestroyTheWorld;
			productReference = BB2930D11D9AE7D700BAA6A3 /* DestroyTheWorld.app */;
			productType = "com.apple.product-type.application";
		};
/* End PBXNativeTarget section */

/* Begin PBXProject section */
		BB2930C91D9AE7D600BAA6A3 /* Project object */ = {
			isa = PBXProject;
			attributes = {
				LastSwiftUpdateCheck = 0730;
				LastUpgradeCheck = 0730;
				ORGANIZATIONNAME = "Pedro Nunez";
				TargetAttributes = {
					BB2930D01D9AE7D700BAA6A3 = {
						CreatedOnToolsVersion = 7.3.1;
					};
				};
			};
			buildConfigurationList = BB2930CC1D9AE7D600BAA6A3 /* Build configuration list for PBXProject "DestroyTheWorld" */;
			compatibilityVersion = "Xcode 3.2";
			developmentRegion = English;
			hasScannedForEncodings = 0;
			knownRegions = (
				en,
				Base,
			);
			mainGroup = BB2930C81D9AE7D600BAA6A3;
			productRefGroup = BB2930D21D9AE7D700BAA6A3 /* Products */;
			projectDirPath = "";
			projectRoot = "";
			targets = (
				BB2930D01D9AE7D700BAA6A3 /* DestroyTheWorld */,
			);
		};
/* End PBXProject section */

/* Begin PBXResourcesBuildPhase section */
		BB2930CF1D9AE7D700BAA6A3 /* Resources */ = {
			isa = PBXResourcesBuildPhase;
			buildActionMask = 2147483647;
			files = (
				BB2930DF1D9AE7D700BAA6A3 /* LaunchScreen.storyboard in Resources */,
				BB2930DC1D9AE7D700BAA6A3 /* Assets.xcassets in Resources */,
				BB2930DA1D9AE7D700BAA6A3 /* Main.storyboard in Resources */,
			);
			runOnlyForDeploymentPostprocessing = 0;
		};
/* End PBXResourcesBuildPhase section */

/* Begin PBXSourcesBuildPhase section */
		BB2930CD1D9AE7D700BAA6A3 /* Sources */ = {
			isa = PBXSourcesBuildPhase;
			buildActionMask = 2147483647;
			files = (
				BB2930D71D9AE7D700BAA6A3 /* ViewController.swift in Sources */,
				BB2930D51D9AE7D700BAA6A3 /* AppDelegate.swift in Sources */,
			);
			runOnlyForDeploymentPostprocessing = 0;
		};
/* End PBXSourcesBuildPhase section */

/* Begin PBXVariantGroup section */
		BB2930D81D9AE7D700BAA6A3 /* Main.storyboard */ = {
			isa = PBXVariantGroup;
			children = (
				BB2930D91D9AE7D700BAA6A3 /* Base */,
			);
			name = Main.storyboard;
			sourceTree = "<group>";
		};
		BB2930DD1D9AE7D700BAA6A3 /* LaunchScreen.storyboard */ = {
			isa = PBXVariantGroup;
			children = (
				BB2930DE1D9AE7D700BAA6A3 /* Base */,
			);
			name = LaunchScreen.storyboard;
			sourceTree = "<group>";
		};
/* End PBXVariantGroup section */

/* Begin XCBuildConfiguration section */
		BB2930E11D9AE7D700BAA6A3 /* Debug */ = {
			isa = XCBuildConfiguration;
			buildSettings = {
				ALWAYS_SEARCH_USER_PATHS = NO;
				CLANG_ANALYZER_NONNULL = YES;
				CLANG_CXX_LANGUAGE_STANDARD = "gnu++0x";
				CLANG_CXX_LIBRARY = "libc++";
				CLANG_ENABLE_MODULES = YES;
				CLANG_ENABLE_OBJC_ARC = YES;
				CLANG_WARN_BOOL_CONVERSION = YES;
				CLANG_WARN_CONSTANT_CONVERSION = YES;
				CLANG_WARN_DIRECT_OBJC_ISA_USAGE = YES_ERROR;
				CLANG_WARN_EMPTY_BODY = YES;
				CLANG_WARN_ENUM_CONVERSION = YES;
				CLANG_WARN_INT_CONVERSION = YES;
				CLANG_WARN_OBJC_ROOT_CLASS = YES_ERROR;
				CLANG_WARN_UNREACHABLE_CODE = YES;
				CLANG_WARN__DUPLICATE_METHOD_MATCH = YES;
				"CODE_SIGN_IDENTITY[sdk=iphoneos*]" = "iPhone Developer";
				COPY_PHASE_STRIP = NO;
				DEBUG_INFORMATION_FORMAT = dwarf;
				ENABLE_STRICT_OBJC_MSGSEND = YES;
				ENABLE_TESTABILITY = YES;
				GCC_C_LANGUAGE_STANDARD = gnu99;
				GCC_DYNAMIC_NO_PIC = NO;
				GCC_NO_COMMON_BLOCKS = YES;
				GCC_OPTIMIZATION_LEVEL = 0;
				GCC_PREPROCESSOR_DEFINITIONS = (
					"DEBUG=1",
					"$(inherited)",
				);
				GCC_WARN_64_TO_32_BIT_CONVERSION = YES;
				GCC_WARN_ABOUT_RETURN_TYPE = YES_ERROR;
				GCC_WARN_UNDECLARED_SELECTOR = YES;
				GCC_WARN_UNINITIALIZED_AUTOS = YES_AGGRESSIVE;
				GCC_WARN_UNUSED_FUNCTION = YES;
				GCC_WARN_UNUSED_VARIABLE = YES;
				IPHONEOS_DEPLOYMENT_TARGET = 9.3;
				MTL_ENABLE_DEBUG_INFO = YES;
				ONLY_ACTIVE_ARCH = YES;
				SDKROOT = iphoneos;
				SWIFT_OPTIMIZATION_LEVEL = "-Onone";
				TARGETED_DEVICE_FAMILY = "1,2";
			};
			name = Debug;
		};
		BB2930E21D9AE7D700BAA6A3 /* Release */ = {
			isa = XCBuildConfiguration;
			buildSettings = {
				ALWAYS_SEARCH_USER_PATHS = NO;
				CLANG_ANALYZER_NONNULL = YES;
				CLANG_CXX_LANGUAGE_STANDARD = "gnu++0x";
				CLANG_CXX_LIBRARY = "libc++";
				CLANG_ENABLE_MODULES = YES;
				CLANG_ENABLE_OBJC_ARC = YES;
				CLANG_WARN_BOOL_CONVERSION = YES;
				CLANG_WARN_CONSTANT_CONVERSION = YES;
				CLANG_WARN_DIRECT_OBJC_ISA_USAGE = YES_ERROR;
				CLANG_WARN_EMPTY_BODY = YES;
				CLANG_WARN_ENUM_CONVERSION = YES;
				CLANG_WARN_INT_CONVERSION = YES;
				CLANG_WARN_OBJC_ROOT_CLASS = YES_ERROR;
				CLANG_WARN_UNREACHABLE_CODE = YES;
				CLANG_WARN__DUPLICATE_METHOD_MATCH = YES;
				"CODE_SIGN_IDENTITY[sdk=iphoneos*]" = "iPhone Developer";
				COPY_PHASE_STRIP = NO;
				DEBUG_INFORMATION_FORMAT = "dwarf-with-dsym";
				ENABLE_NS_ASSERTIONS = NO;
				ENABLE_STRICT_OBJC_MSGSEND = YES;
				GCC_C_LANGUAGE_STANDARD = gnu99;
				GCC_NO_COMMON_BLOCKS = YES;
				GCC_WARN_64_TO_32_BIT_CONVERSION = YES;
				GCC_WARN_ABOUT_RETURN_TYPE = YES_ERROR;
				GCC_WARN_UNDECLARED_SELECTOR = YES;
				GCC_WARN_UNINITIALIZED_AUTOS = YES_AGGRESSIVE;
				GCC_WARN_UNUSED_FUNCTION = YES;
				GCC_WARN_UNUSED_VARIABLE = YES;
				IPHONEOS_DEPLOYMENT_TARGET = 9.3;
				MTL_ENABLE_DEBUG_INFO = NO;
				SDKROOT = iphoneos;
				TARGETED_DEVICE_FAMILY = "1,2";
				VALIDATE_PRODUCT = YES;
			};
			name = Release;
		};
		BB2930E41D9AE7D700BAA6A3 /* Debug */ = {
			isa = XCBuildConfiguration;
			buildSettings = {
				ASSETCATALOG_COMPILER_APPICON_NAME = AppIcon;
				INFOPLIST_FILE = DestroyTheWorld/Info.plist;
				LD_RUNPATH_SEARCH_PATHS = "$(inherited) @executable_path/Frameworks";
				PRODUCT_BUNDLE_IDENTIFIER = CIMA.DestroyTheWorld;
				PRODUCT_NAME = "$(TARGET_NAME)";
			};
			name = Debug;
		};
		BB2930E51D9AE7D700BAA6A3 /* Release */ = {
			isa = XCBuildConfiguration;
			buildSettings = {
				ASSETCATALOG_COMPILER_APPICON_NAME = AppIcon;
				INFOPLIST_FILE = DestroyTheWorld/Info.plist;
				LD_RUNPATH_SEARCH_PATHS = "$(inherited) @executable_path/Frameworks";
				PRODUCT_BUNDLE_IDENTIFIER = CIMA.DestroyTheWorld;
				PRODUCT_NAME = "$(TARGET_NAME)";
			};
			name = Release;
		};
/* End XCBuildConfiguration section */

/* Begin XCConfigurationList section */
		BB2930CC1D9AE7D600BAA6A3 /* Build configuration list for PBXProject "DestroyTheWorld" */ = {
			isa = XCConfigurationList;
			buildConfigurations = (
				BB2930E11D9AE7D700BAA6A3 /* Debug */,
				BB2930E21D9AE7D700BAA6A3 /* Release */,
			);
			defaultConfigurationIsVisible = 0;
			defaultConfigurationName = Release;
		};
		BB2930E31D9AE7D700BAA6A3 /* Build configuration list for PBXNativeTarget "DestroyTheWorld" */ = {
			isa = XCConfigurationList;
			buildConfigurations = (
				BB2930E41D9AE7D700BAA6A3 /* Debug */,
				BB2930E51D9AE7D700BAA6A3 /* Release */,
			);
			defaultConfigurationIsVisible = 0;
		};
/* End XCConfigurationList section */
	};
	rootObject = BB2930C91D9AE7D600BAA6A3 /* Project object */;
}
